
Microsoft Visual Studio Solution File, Format Version 12.00
# Visual Studio Version 17
VisualStudioVersion = 17.11.35312.102
MinimumVisualStudioVersion = 10.0.40219.1
Project("{FAE04EC0-301F-11D3-BF4B-00C04F79EFBC}") = "AuthServer", "AuthServer\AuthServer.csproj", "{50E31FF0-2F7B-4162-B712-D13CC9A39B24}"
EndProject
Global
	GlobalSection(SolutionConfigurationPlatforms) = preSolution
		Debug|Any CPU = Debug|Any CPU
		Release|Any CPU = Release|Any CPU
	EndGlobalSection
	GlobalSection(ProjectConfigurationPlatforms) = postSolution
		{50E31FF0-2F7B-4162-B712-D13CC9A39B24}.Debug|Any CPU.ActiveCfg = Debug|Any CPU
		{50E31FF0-2F7B-4162-B712-D13CC9A39B24}.Debug|Any CPU.Build.0 = Debug|Any CPU
		{50E31FF0-2F7B-4162-B712-D13CC9A39B24}.Release|Any CPU.ActiveCfg = Release|Any CPU
		{50E31FF0-2F7B-4162-B712-D13CC9A39B24}.Release|Any CPU.Build.0 = Release|Any CPU
	EndGlobalSection
	GlobalSection(SolutionProperties) = preSolution
		HideSolutionNode = FALSE
	EndGlobalSection
	GlobalSection(ExtensibilityGlobals) = postSolution
		SolutionGuid = {F88793B4-6F8A-422E-87E8-B8E5AB4AE36D}
	EndGlobalSection
EndGlobal
